
Microsoft Visual Studio Solution File, Format Version 12.00
# Visual Studio 15
VisualStudioVersion = 15.0.26124.0
MinimumVisualStudioVersion = 15.0.26124.0
Project("{FAE04EC0-301F-11D3-BF4B-00C04F79EFBC}") = "DeckOfCards", "src\DeckOfCards.csproj", "{28DBB282-7633-4CDF-9050-2DCE341F71A5}"
EndProject
Project("{FAE04EC0-301F-11D3-BF4B-00C04F79EFBC}") = "DeckOfCards.Tests", "tests\DeckOfCards.Tests.csproj", "{A4B17904-670C-49E5-99B3-DC64E26FE7B3}"
EndProject
Global
	GlobalSection(SolutionConfigurationPlatforms) = preSolution
		Debug|Any CPU = Debug|Any CPU
		Debug|x64 = Debug|x64
		Debug|x86 = Debug|x86
		Release|Any CPU = Release|Any CPU
		Release|x64 = Release|x64
		Release|x86 = Release|x86
	EndGlobalSection
	GlobalSection(SolutionProperties) = preSolution
		HideSolutionNode = FALSE
	EndGlobalSection
	GlobalSection(ProjectConfigurationPlatforms) = postSolution
		{28DBB282-7633-4CDF-9050-2DCE341F71A5}.Debug|Any CPU.ActiveCfg = Debug|Any CPU
		{28DBB282-7633-4CDF-9050-2DCE341F71A5}.Debug|Any CPU.Build.0 = Debug|Any CPU
		{28DBB282-7633-4CDF-9050-2DCE341F71A5}.Debug|x64.ActiveCfg = Debug|Any CPU
		{28DBB282-7633-4CDF-9050-2DCE341F71A5}.Debug|x64.Build.0 = Debug|Any CPU
		{28DBB282-7633-4CDF-9050-2DCE341F71A5}.Debug|x86.ActiveCfg = Debug|Any CPU
		{28DBB282-7633-4CDF-9050-2DCE341F71A5}.Debug|x86.Build.0 = Debug|Any CPU
		{28DBB282-7633-4CDF-9050-2DCE341F71A5}.Release|Any CPU.ActiveCfg = Release|Any CPU
		{28DBB282-7633-4CDF-9050-2DCE341F71A5}.Release|Any CPU.Build.0 = Release|Any CPU
		{28DBB282-7633-4CDF-9050-2DCE341F71A5}.Release|x64.ActiveCfg = Release|Any CPU
		{28DBB282-7633-4CDF-9050-2DCE341F71A5}.Release|x64.Build.0 = Release|Any CPU
		{28DBB282-7633-4CDF-9050-2DCE341F71A5}.Release|x86.ActiveCfg = Release|Any CPU
		{28DBB282-7633-4CDF-9050-2DCE341F71A5}.Release|x86.Build.0 = Release|Any CPU
		{A4B17904-670C-49E5-99B3-DC64E26FE7B3}.Debug|Any CPU.ActiveCfg = Debug|Any CPU
		{A4B17904-670C-49E5-99B3-DC64E26FE7B3}.Debug|Any CPU.Build.0 = Debug|Any CPU
		{A4B17904-670C-49E5-99B3-DC64E26FE7B3}.Debug|x64.ActiveCfg = Debug|Any CPU
		{A4B17904-670C-49E5-99B3-DC64E26FE7B3}.Debug|x64.Build.0 = Debug|Any CPU
		{A4B17904-670C-49E5-99B3-DC64E26FE7B3}.Debug|x86.ActiveCfg = Debug|Any CPU
		{A4B17904-670C-49E5-99B3-DC64E26FE7B3}.Debug|x86.Build.0 = Debug|Any CPU
		{A4B17904-670C-49E5-99B3-DC64E26FE7B3}.Release|Any CPU.ActiveCfg = Release|Any CPU
		{A4B17904-670C-49E5-99B3-DC64E26FE7B3}.Release|Any CPU.Build.0 = Release|Any CPU
		{A4B17904-670C-49E5-99B3-DC64E26FE7B3}.Release|x64.ActiveCfg = Release|Any CPU
		{A4B17904-670C-49E5-99B3-DC64E26FE7B3}.Release|x64.Build.0 = Release|Any CPU
		{A4B17904-670C-49E5-99B3-DC64E26FE7B3}.Release|x86.ActiveCfg = Release|Any CPU
		{A4B17904-670C-49E5-99B3-DC64E26FE7B3}.Release|x86.Build.0 = Release|Any CPU
	EndGlobalSection
EndGlobal
